{
  "requires": true,
  "lockfileVersion": 1,
  "dependencies": {
    "lightgallery": {
      "version": "2.2.0",
      "resolved": "https://registry.npmjs.org/lightgallery/-/lightgallery-2.2.0.tgz",
      "integrity": "sha512-359gNxLFlsO2WkH800XLdzjtyWj66ZeiJCSAs+EmWnD8W4ghl/3sEBoNz8s30FmJZzPUMTjPkriY9Wz9loCLBg=="
    }
  }
}
